dependencies:
- name: jaeger-operator
  repository: https://jaegertracing.github.io/helm-charts
  version: 2.23.0
- name: nats
  repository: https://charts.bitnami.com/bitnami
  version: 7.0.4
- name: postgresql
  repository: https://charts.bitnami.com/bitnami
  version: 10.14.3
- name: postgresql
  repository: https://charts.bitnami.com/bitnami
  version: 10.14.3
- name: postgresql
  repository: https://charts.bitnami.com/bitnami
  version: 10.14.3
- name: postgresql
  repository: https://charts.bitnami.com/bitnami
  version: 10.14.3
- name: postgresql
  repository: https://charts.bitnami.com/bitnami
  version: 10.14.3
- name: postgresql
  repository: https://charts.bitnami.com/bitnami
  version: 10.14.3
- name: redis
  repository: https://charts.bitnami.com/bitnami
  version: 15.7.0
- name: redis
  repository: https://charts.bitnami.com/bitnami
  version: 15.7.0
- name: redis
  repository: https://charts.bitnami.com/bitnami
  version: 15.7.0
digest: sha256:9f7b5f145f5c41c2337544780fcc259ddd37ded4dfe0a25c3bbd3c03530787c2
generated: "2022-06-02T12:29:37.056359104-03:00"
