dependencies:
- name: jaeger-operator
  repository: https://jaegertracing.github.io/helm-charts
  version: 2.23.0
- name: nats
  repository: ""
  version: 6.4.2
- name: postgresql
  repository: ""
  version: 10.9.1
- name: postgresql
  repository: ""
  version: 10.9.1
- name: postgresql
  repository: ""
  version: 10.9.1
- name: postgresql
  repository: ""
  version: 10.9.1
- name: postgresql
  repository: ""
  version: 10.9.1
- name: postgresql
  repository: ""
  version: 10.9.1
- name: postgresql
  repository: ""
  version: 10.9.1
- name: redis
  repository: ""
  version: 14.8.8
- name: redis
  repository: ""
  version: 14.8.8
- name: redis
  repository: ""
  version: 14.8.8
digest: sha256:a099d9c11f5f1cb8be98ce9147d7856b5d2c6f47b16623e5b338fcaa57a81e70
generated: "2022-06-27T10:39:51.067716296-03:00"
