dependencies:
- name: jaeger-operator
  repository: https://jaegertracing.github.io/helm-charts
  version: 2.23.0
- name: nats
  repository: ""
  version: 6.4.2
- name: postgresql
  repository: ""
  version: 10.9.1
- name: postgresql
  repository: ""
  version: 10.9.1
- name: postgresql
  repository: ""
  version: 10.9.1
- name: postgresql
  repository: ""
  version: 10.9.1
- name: postgresql
  repository: ""
  version: 10.9.1
- name: postgresql
  repository: ""
  version: 10.9.1
- name: postgresql
  repository: ""
  version: 10.9.1
- name: redis
  repository: ""
  version: 14.8.8
- name: redis
  repository: ""
  version: 14.8.8
- name: redis
  repository: ""
  version: 14.8.8
- name: kafka
  repository: ""
  version: 18.4.4
- name: zookeeper
  repository: ""
  version: 10.2.2
digest: sha256:ff6f51434f97b39ab1868b4ce30e6e9ee5af826c5dee63a6f43207a8110ea73a
generated: "2022-09-23T18:22:01.783920594-03:00"
